
Microsoft Visual Studio Solution File, Format Version 12.00
# Visual Studio Version 17
VisualStudioVersion = 17.8.34601.278
MinimumVisualStudioVersion = 10.0.40219.1
Project("{FAE04EC0-301F-11D3-BF4B-00C04F79EFBC}") = "WebBlog", "WebBlog\WebBlog.csproj", "{0C932F1D-C873-431E-BE1C-F6822F253D30}"
EndProject
Global
	GlobalSection(SolutionConfigurationPlatforms) = preSolution
		Debug|Any CPU = Debug|Any CPU
		Release|Any CPU = Release|Any CPU
	EndGlobalSection
	GlobalSection(ProjectConfigurationPlatforms) = postSolution
		{0C932F1D-C873-431E-BE1C-F6822F253D30}.Debug|Any CPU.ActiveCfg = Debug|Any CPU
		{0C932F1D-C873-431E-BE1C-F6822F253D30}.Debug|Any CPU.Build.0 = Debug|Any CPU
		{0C932F1D-C873-431E-BE1C-F6822F253D30}.Release|Any CPU.ActiveCfg = Release|Any CPU
		{0C932F1D-C873-431E-BE1C-F6822F253D30}.Release|Any CPU.Build.0 = Release|Any CPU
	EndGlobalSection
	GlobalSection(SolutionProperties) = preSolution
		HideSolutionNode = FALSE
	EndGlobalSection
	GlobalSection(ExtensibilityGlobals) = postSolution
		SolutionGuid = {FC525122-AE8C-4981-8678-E24D55540673}
	EndGlobalSection
EndGlobal
